# THIS IS AN AUTOGENERATED FILE. DO NOT EDIT THIS FILE DIRECTLY.
# yarn lockfile v1


"@types/moment@^2.13.0":
  version "2.13.0"
  resolved "https://registry.yarnpkg.com/@types/moment/-/moment-2.13.0.tgz#604ebd189bc3bc34a1548689404e61a2a4aac896"
  dependencies:
    moment "*"

angular2-moment@^1.1.0:
  version "1.1.0"
  resolved "https://registry.yarnpkg.com/angular2-moment/-/angular2-moment-1.1.0.tgz#9514d4abe60d32cd80af7e1cbf35dbe83c8146eb"
  dependencies:
    moment "^2.16.0"

moment@*, moment@^2.16.0:
  version "2.17.1"
  resolved "https://registry.yarnpkg.com/moment/-/moment-2.17.1.tgz#fed9506063f36b10f066c8b59a144d7faebe1d82"
